{
  "lockfileVersion": 1,
  "workspaces": {
    "": {
      "name": "swaw.com",
      "devDependencies": {
        "hugo-extended": "^0.157.0",
        "workbox-core": "^7.4.0",
        "workbox-expiration": "^7.4.0",
        "workbox-routing": "^7.4.0",
        "workbox-strategies": "^7.4.0",
      },
    },
  },
  "packages": {
    "@isaacs/fs-minipass": ["@isaacs/fs-minipass@4.0.1", "", { "dependencies": { "minipass": "^7.0.4" } }, "sha512-wgm9Ehl2jpeqP3zw/7mo3kRHFp5MEDhqAdwy1fTGkHAwnkGOVsgpvQhL8B5n1qlb01jV3n/bI0ZfZp5lWA1k4w=="],

    "adm-zip": ["adm-zip@0.5.16", "", {}, "sha512-TGw5yVi4saajsSEgz25grObGHEUaDrniwvA2qwSC060KfqGPdglhvPMA2lPIoxs3PQIItj2iag35fONcQqgUaQ=="],

    "chownr": ["chownr@3.0.0", "", {}, "sha512-+IxzY9BZOQd/XuYPRmrvEVjF/nqj5kgT4kEq7VofrDoM1MxoRjEWkrCC3EtLi59TVawxTAn+orJwFQcrqEN1+g=="],

    "hugo-extended": ["hugo-extended@0.157.0", "", { "dependencies": { "adm-zip": "^0.5.16", "tar": "^7.5.9" }, "bin": { "hugo": "dist/cli.mjs", "hugo-extended": "dist/cli.mjs" } }, "sha512-vjkR5TKK7mQcACYneext4D/YofJnfcHsFZzwItfevAOYoQUAZ+gUim3gwOLTImrTy8QdyzDtaF4/EHOhXEKWvg=="],

    "idb": ["idb@7.1.1", "", {}, "sha512-gchesWBzyvGHRO9W8tzUWFDycow5gwjvFKfyV9FF32Y7F50yZMp7mP+T2mJIWFx49zicqyC4uefHM17o6xKIVQ=="],

    "minipass": ["minipass@7.1.3", "", {}, "sha512-tEBHqDnIoM/1rXME1zgka9g6Q2lcoCkxHLuc7ODJ5BxbP5d4c2Z5cGgtXAku59200Cx7diuHTOYfSBD8n6mm8A=="],

    "minizlib": ["minizlib@3.1.0", "", { "dependencies": { "minipass": "^7.1.2" } }, "sha512-KZxYo1BUkWD2TVFLr0MQoM8vUUigWD3LlD83a/75BqC+4qE0Hb1Vo5v1FgcfaNXvfXzr+5EhQ6ing/CaBijTlw=="],

    "tar": ["tar@7.5.11", "", { "dependencies": { "@isaacs/fs-minipass": "^4.0.0", "chownr": "^3.0.0", "minipass": "^7.1.2", "minizlib": "^3.1.0", "yallist": "^5.0.0" } }, "sha512-ChjMH33/KetonMTAtpYdgUFr0tbz69Fp2v7zWxQfYZX4g5ZN2nOBXm1R2xyA+lMIKrLKIoKAwFj93jE/avX9cQ=="],

    "workbox-core": ["workbox-core@7.4.0", "", {}, "sha512-6BMfd8tYEnN4baG4emG9U0hdXM4gGuDU3ectXuVHnj71vwxTFI7WOpQJC4siTOlVtGqCUtj0ZQNsrvi6kZZTAQ=="],

    "workbox-expiration": ["workbox-expiration@7.4.0", "", { "dependencies": { "idb": "^7.0.1", "workbox-core": "7.4.0" } }, "sha512-V50p4BxYhtA80eOvulu8xVfPBgZbkxJ1Jr8UUn0rvqjGhLDqKNtfrDfjJKnLz2U8fO2xGQJTx/SKXNTzHOjnHw=="],

    "workbox-routing": ["workbox-routing@7.4.0", "", { "dependencies": { "workbox-core": "7.4.0" } }, "sha512-C/ooj5uBWYAhAqwmU8HYQJdOjjDKBp9MzTQ+otpMmd+q0eF59K+NuXUek34wbL0RFrIXe/KKT+tUWcZcBqxbHQ=="],

    "workbox-strategies": ["workbox-strategies@7.4.0", "", { "dependencies": { "workbox-core": "7.4.0" } }, "sha512-T4hVqIi5A4mHi92+5EppMX3cLaVywDp8nsyUgJhOZxcfSV/eQofcOA6/EMo5rnTNmNTpw0rUgjAI6LaVullPpg=="],

    "yallist": ["yallist@5.0.0", "", {}, "sha512-YgvUTfwqyc7UXVMrB+SImsVYSmTS8X/tSrtdNZMImM+n7+QTriRXyXim0mBrTXNeqzVF0KWGgHPeiyViFFrNDw=="],
  }
}
